
Microsoft Visual Studio Solution File, Format Version 12.00
# Visual Studio Version 17
VisualStudioVersion = 17.6.33829.357
MinimumVisualStudioVersion = 10.0.40219.1
Project("{FAE04EC0-301F-11D3-BF4B-00C04F79EFBC}") = "MoneyHeap", "MoneyHeap\MoneyHeap.csproj", "{0ABACE59-51A2-4775-BE93-BE9563075DB1}"
EndProject
Global
	GlobalSection(SolutionConfigurationPlatforms) = preSolution
		Debug|Any CPU = Debug|Any CPU
		Release|Any CPU = Release|Any CPU
	EndGlobalSection
	GlobalSection(ProjectConfigurationPlatforms) = postSolution
		{0ABACE59-51A2-4775-BE93-BE9563075DB1}.Debug|Any CPU.ActiveCfg = Debug|Any CPU
		{0ABACE59-51A2-4775-BE93-BE9563075DB1}.Debug|Any CPU.Build.0 = Debug|Any CPU
		{0ABACE59-51A2-4775-BE93-BE9563075DB1}.Release|Any CPU.ActiveCfg = Release|Any CPU
		{0ABACE59-51A2-4775-BE93-BE9563075DB1}.Release|Any CPU.Build.0 = Release|Any CPU
	EndGlobalSection
	GlobalSection(SolutionProperties) = preSolution
		HideSolutionNode = FALSE
	EndGlobalSection
	GlobalSection(ExtensibilityGlobals) = postSolution
		SolutionGuid = {563E2EA2-68C2-4868-8BB1-492A26E0A21C}
	EndGlobalSection
EndGlobal
